
Microsoft Visual Studio Solution File, Format Version 12.00
# Visual Studio 2012
Project("{CC5FD16D-436D-48AD-A40C-5A424C6E3E79}") = "AzureCore", "AzureCore\AzureCore.ccproj", "{73A0473F-0DE6-4223-B482-879070683AE1}"
EndProject
Project("{FAE04EC0-301F-11D3-BF4B-00C04F79EFBC}") = "UI", "UI\UI.csproj", "{ED13E075-76DC-48E7-B22F-A164F5D89D9F}"
EndProject
Project("{FAE04EC0-301F-11D3-BF4B-00C04F79EFBC}") = "Model", "Model\Model.csproj", "{A046A20C-A1C4-48BF-B458-841BD3040AAA}"
EndProject
Project("{F2A71F9B-5D33-465A-A702-920D77279786}") = "Core", "Core\Core.fsproj", "{75A3C166-1581-4EDF-BFCC-FC9716571411}"
EndProject
Project("{F2A71F9B-5D33-465A-A702-920D77279786}") = "AzureUtilities", "AzureUtilities\AzureUtilities.fsproj", "{38CB8204-FE09-40BD-87A2-EA0EE02F625D}"
EndProject
Project("{F2A71F9B-5D33-465A-A702-920D77279786}") = "Utilities", "Utilities\Utilities.fsproj", "{94A537DE-4715-4DCB-9517-E5C8B8EC9F9D}"
EndProject
Project("{F2A71F9B-5D33-465A-A702-920D77279786}") = "Controllers", "Controllers\Controllers.fsproj", "{B7D1DC0F-5041-465C-8EA9-4515DD14ACD0}"
EndProject
Project("{F2A71F9B-5D33-465A-A702-920D77279786}") = "Import", "Import\Import.fsproj", "{F613464A-F35E-43D1-ABA9-0EFFF27C27D4}"
EndProject
Global
	GlobalSection(SolutionConfigurationPlatforms) = preSolution
		Debug|Any CPU = Debug|Any CPU
		Release|Any CPU = Release|Any CPU
	EndGlobalSection
	GlobalSection(ProjectConfigurationPlatforms) = postSolution
		{73A0473F-0DE6-4223-B482-879070683AE1}.Debug|Any CPU.ActiveCfg = Debug|Any CPU
		{73A0473F-0DE6-4223-B482-879070683AE1}.Debug|Any CPU.Build.0 = Debug|Any CPU
		{73A0473F-0DE6-4223-B482-879070683AE1}.Release|Any CPU.ActiveCfg = Release|Any CPU
		{73A0473F-0DE6-4223-B482-879070683AE1}.Release|Any CPU.Build.0 = Release|Any CPU
		{ED13E075-76DC-48E7-B22F-A164F5D89D9F}.Debug|Any CPU.ActiveCfg = Debug|Any CPU
		{ED13E075-76DC-48E7-B22F-A164F5D89D9F}.Debug|Any CPU.Build.0 = Debug|Any CPU
		{ED13E075-76DC-48E7-B22F-A164F5D89D9F}.Release|Any CPU.ActiveCfg = Release|Any CPU
		{ED13E075-76DC-48E7-B22F-A164F5D89D9F}.Release|Any CPU.Build.0 = Release|Any CPU
		{A046A20C-A1C4-48BF-B458-841BD3040AAA}.Debug|Any CPU.ActiveCfg = Debug|Any CPU
		{A046A20C-A1C4-48BF-B458-841BD3040AAA}.Debug|Any CPU.Build.0 = Debug|Any CPU
		{A046A20C-A1C4-48BF-B458-841BD3040AAA}.Release|Any CPU.ActiveCfg = Release|Any CPU
		{A046A20C-A1C4-48BF-B458-841BD3040AAA}.Release|Any CPU.Build.0 = Release|Any CPU
		{75A3C166-1581-4EDF-BFCC-FC9716571411}.Debug|Any CPU.ActiveCfg = Debug|Any CPU
		{75A3C166-1581-4EDF-BFCC-FC9716571411}.Debug|Any CPU.Build.0 = Debug|Any CPU
		{75A3C166-1581-4EDF-BFCC-FC9716571411}.Release|Any CPU.ActiveCfg = Release|Any CPU
		{75A3C166-1581-4EDF-BFCC-FC9716571411}.Release|Any CPU.Build.0 = Release|Any CPU
		{38CB8204-FE09-40BD-87A2-EA0EE02F625D}.Debug|Any CPU.ActiveCfg = Debug|Any CPU
		{38CB8204-FE09-40BD-87A2-EA0EE02F625D}.Debug|Any CPU.Build.0 = Debug|Any CPU
		{38CB8204-FE09-40BD-87A2-EA0EE02F625D}.Release|Any CPU.ActiveCfg = Release|Any CPU
		{38CB8204-FE09-40BD-87A2-EA0EE02F625D}.Release|Any CPU.Build.0 = Release|Any CPU
		{94A537DE-4715-4DCB-9517-E5C8B8EC9F9D}.Debug|Any CPU.ActiveCfg = Debug|Any CPU
		{94A537DE-4715-4DCB-9517-E5C8B8EC9F9D}.Debug|Any CPU.Build.0 = Debug|Any CPU
		{94A537DE-4715-4DCB-9517-E5C8B8EC9F9D}.Release|Any CPU.ActiveCfg = Release|Any CPU
		{94A537DE-4715-4DCB-9517-E5C8B8EC9F9D}.Release|Any CPU.Build.0 = Release|Any CPU
		{B7D1DC0F-5041-465C-8EA9-4515DD14ACD0}.Debug|Any CPU.ActiveCfg = Debug|Any CPU
		{B7D1DC0F-5041-465C-8EA9-4515DD14ACD0}.Debug|Any CPU.Build.0 = Debug|Any CPU
		{B7D1DC0F-5041-465C-8EA9-4515DD14ACD0}.Release|Any CPU.ActiveCfg = Release|Any CPU
		{B7D1DC0F-5041-465C-8EA9-4515DD14ACD0}.Release|Any CPU.Build.0 = Release|Any CPU
		{F613464A-F35E-43D1-ABA9-0EFFF27C27D4}.Debug|Any CPU.ActiveCfg = Debug|Any CPU
		{F613464A-F35E-43D1-ABA9-0EFFF27C27D4}.Debug|Any CPU.Build.0 = Debug|Any CPU
		{F613464A-F35E-43D1-ABA9-0EFFF27C27D4}.Release|Any CPU.ActiveCfg = Release|Any CPU
		{F613464A-F35E-43D1-ABA9-0EFFF27C27D4}.Release|Any CPU.Build.0 = Release|Any CPU
	EndGlobalSection
	GlobalSection(SolutionProperties) = preSolution
		HideSolutionNode = FALSE
	EndGlobalSection
EndGlobal
